
Microsoft Visual Studio Solution File, Format Version 12.00
# Visual Studio 15
VisualStudioVersion = 15.0.28307.902
MinimumVisualStudioVersion = 10.0.40219.1
Project("{8BC9CEB8-8B4A-11D0-8D11-00A0C91BC942}") = "TestModule", "TestModule.vcxproj", "{EA79F19E-C15F-4927-AC31-0BBFDCF33AD3}"
EndProject
Global
	GlobalSection(SolutionConfigurationPlatforms) = preSolution
		Debug|x64 = Debug|x64
		Debug|x86 = Debug|x86
		Release|x64 = Release|x64
		Release|x86 = Release|x86
	EndGlobalSection
	GlobalSection(ProjectConfigurationPlatforms) = postSolution
		{EA79F19E-C15F-4927-AC31-0BBFDCF33AD3}.Debug|x64.ActiveCfg = Debug|x64
		{EA79F19E-C15F-4927-AC31-0BBFDCF33AD3}.Debug|x64.Build.0 = Debug|x64
		{EA79F19E-C15F-4927-AC31-0BBFDCF33AD3}.Debug|x86.ActiveCfg = Debug|Win32
		{EA79F19E-C15F-4927-AC31-0BBFDCF33AD3}.Debug|x86.Build.0 = Debug|Win32
		{EA79F19E-C15F-4927-AC31-0BBFDCF33AD3}.Release|x64.ActiveCfg = Release|x64
		{EA79F19E-C15F-4927-AC31-0BBFDCF33AD3}.Release|x64.Build.0 = Release|x64
		{EA79F19E-C15F-4927-AC31-0BBFDCF33AD3}.Release|x86.ActiveCfg = Release|Win32
		{EA79F19E-C15F-4927-AC31-0BBFDCF33AD3}.Release|x86.Build.0 = Release|Win32
	EndGlobalSection
	GlobalSection(SolutionProperties) = preSolution
		HideSolutionNode = FALSE
	EndGlobalSection
	GlobalSection(ExtensibilityGlobals) = postSolution
		SolutionGuid = {9723F569-153E-428A-AB43-9D457C707C3D}
	EndGlobalSection
EndGlobal
